// !$*UTF8*$!
{
	archiveVersion = 1;
	classes = {
	};
	objectVersion = 77;
	objects = {

/* Begin PBXContainerItemProxy section */
		84AD10C72E9E35C1007061C0 /* PBXContainerItemProxy */ = {
			isa = PBXContainerItemProxy;
			containerPortal = 84AD10AC2E9E35BF007061C0 /* Project object */;
			proxyType = 1;
			remoteGlobalIDString = 84AD10B32E9E35BF007061C0;
			remoteInfo = UIRebuild;
		};
		84AD10D12E9E35C1007061C0 /* PBXContainerItemProxy */ = {
			isa = PBXContainerItemProxy;
			containerPortal = 84AD10AC2E9E35BF007061C0 /* Project object */;
			proxyType = 1;
			remoteGlobalIDString = 84AD10B32E9E35BF007061C0;
			remoteInfo = UIRebuild;
		};
/* End PBXContainerItemProxy section */

/* Begin PBXFileReference section */
		84AD10B42E9E35BF007061C0 /* UIRebuild.app */ = {isa = PBXFileReference; explicitFileType = wrapper.application; includeInIndex = 0; path = UIRebuild.app; sourceTree = BUILT_PRODUCTS_DIR; };
		84AD10C62E9E35C1007061C0 /* UIRebuildTests.xctest */ = {isa = PBXFileReference; explicitFileType = wrapper.cfbundle; includeInIndex = 0; path = UIRebuildTests.xctest; sourceTree = BUILT_PRODUCTS_DIR; };
		84AD10D02E9E35C1007061C0 /* UIRebuildUITests.xctest */ = {isa = PBXFileReference; explicitFileType = wrapper.cfbundle; includeInIndex = 0; path = UIRebuildUITests.xctest; sourceTree = BUILT_PRODUCTS_DIR; };
/* End PBXFileReference section */

/* Begin PBXFileSystemSynchronizedRootGroup section */
		84AD10B62E9E35BF007061C0 /* UIRebuild */ = {
			isa = PBXFileSystemSynchronizedRootGroup;
			path = UIRebuild;
			sourceTree = "<group>";
		};
		84AD10C92E9E35C1007061C0 /* UIRebuildTests */ = {
			isa = PBXFileSystemSynchronizedRootGroup;
			path = UIRebuildTests;
			sourceTree = "<group>";
		};
		84AD10D32E9E35C1007061C0 /* UIRebuildUITests */ = {
			isa = PBXFileSystemSynchronizedRootGroup;
			path = UIRebuildUITests;
			sourceTree = "<group>";
		};
		84AD10E32E9E7E6D007061C0 /* Fonts */ = {
			isa = PBXFileSystemSynchronizedRootGroup;
			path = Fonts;
			sourceTree = "<group>";
		};
/* End PBXFileSystemSynchronizedRootGroup section */

/* Begin PBXFrameworksBuildPhase section */
		84AD10B12E9E35BF007061C0 /* Frameworks */ = {
			isa = PBXFrameworksBuildPhase;
			buildActionMask = 2147483647;
			files = (
			);
			runOnlyForDeploymentPostprocessing = 0;
		};
		84AD10C32E9E35C1007061C0 /* Frameworks */ = {
			isa = PBXFrameworksBuildPhase;
			buildActionMask = 2147483647;
			files = (
			);
			runOnlyForDeploymentPostprocessing = 0;
		};
		84AD10CD2E9E35C1007061C0 /* Frameworks */ = {
			isa = PBXFrameworksBuildPhase;
			buildActionMask = 2147483647;
			files = (
			);
			runOnlyForDeploymentPostprocessing = 0;
		};
/* End PBXFrameworksBuildPhase section */

/* Begin PBXGroup section */
		84AD10AB2E9E35BF007061C0 = {
			isa = PBXGroup;
			children = (
				84AD10E32E9E7E6D007061C0 /* Fonts */,
				84AD10B62E9E35BF007061C0 /* UIRebuild */,
				84AD10C92E9E35C1007061C0 /* UIRebuildTests */,
				84AD10D32E9E35C1007061C0 /* UIRebuildUITests */,
				84AD10B52E9E35BF007061C0 /* Products */,
			);
			sourceTree = "<group>";
		};
		84AD10B52E9E35BF007061C0 /* Products */ = {
			isa = PBXGroup;
			children = (
				84AD10B42E9E35BF007061C0 /* UIRebuild.app */,
				84AD10C62E9E35C1007061C0 /* UIRebuildTests.xctest */,
				84AD10D02E9E35C1007061C0 /* UIRebuildUITests.xctest */,
			);
			name = Products;
			sourceTree = "<group>";
		};
/* End PBXGroup section */

/* Begin PBXNativeTarget section */
		84AD10B32E9E35BF007061C0 /* UIRebuild */ = {
			isa = PBXNativeTarget;
			buildConfigurationList = 84AD10DA2E9E35C1007061C0 /* Build configuration list for PBXNativeTarget "UIRebuild" */;
			buildPhases = (
				84AD10B02E9E35BF007061C0 /* Sources */,
				84AD10B12E9E35BF007061C0 /* Frameworks */,
				84AD10B22E9E35BF007061C0 /* Resources */,
			);
			buildRules = (
			);
			dependencies = (
			);
			fileSystemSynchronizedGroups = (
				84AD10B62E9E35BF007061C0 /* UIRebuild */,
				84AD10E32E9E7E6D007061C0 /* Fonts */,
			);
			name = UIRebuild;
			packageProductDependencies = (
			);
			productName = UIRebuild;
			productReference = 84AD10B42E9E35BF007061C0 /* UIRebuild.app */;
			productType = "com.apple.product-type.application";
		};
		84AD10C52E9E35C1007061C0 /* UIRebuildTests */ = {
			isa = PBXNativeTarget;
			buildConfigurationList = 84AD10DD2E9E35C1007061C0 /* Build configuration list for PBXNativeTarget "UIRebuildTests" */;
			buildPhases = (
				84AD10C22E9E35C1007061C0 /* Sources */,
				84AD10C32E9E35C1007061C0 /* Frameworks */,
				84AD10C42E9E35C1007061C0 /* Resources */,
			);
			buildRules = (
			);
			dependencies = (
				84AD10C82E9E35C1007061C0 /* PBXTargetDependency */,
			);
			fileSystemSynchronizedGroups = (
				84AD10C92E9E35C1007061C0 /* UIRebuildTests */,
			);
			name = UIRebuildTests;
			packageProductDependencies = (
			);
			productName = UIRebuildTests;
			productReference = 84AD10C62E9E35C1007061C0 /* UIRebuildTests.xctest */;
			productType = "com.apple.product-type.bundle.unit-test";
		};
		84AD10CF2E9E35C1007061C0 /* UIRebuildUITests */ = {
			isa = PBXNativeTarget;
			buildConfigurationList = 84AD10E02E9E35C1007061C0 /* Build configuration list for PBXNativeTarget "UIRebuildUITests" */;
			buildPhases = (
				84AD10CC2E9E35C1007061C0 /* Sources */,
				84AD10CD2E9E35C1007061C0 /* Frameworks */,
				84AD10CE2E9E35C1007061C0 /* Resources */,
			);
			buildRules = (
			);
			dependencies = (
				84AD10D22E9E35C1007061C0 /* PBXTargetDependency */,
			);
			fileSystemSynchronizedGroups = (
				84AD10D32E9E35C1007061C0 /* UIRebuildUITests */,
			);
			name = UIRebuildUITests;
			packageProductDependencies = (
			);
			productName = UIRebuildUITests;
			productReference = 84AD10D02E9E35C1007061C0 /* UIRebuildUITests.xctest */;
			productType = "com.apple.product-type.bundle.ui-testing";
		};
/* End PBXNativeTarget section */

/* Begin PBXProject section */
		84AD10AC2E9E35BF007061C0 /* Project object */ = {
			isa = PBXProject;
			attributes = {
				BuildIndependentTargetsInParallel = 1;
				LastSwiftUpdateCheck = 1620;
				LastUpgradeCheck = 1620;
				TargetAttributes = {
					84AD10B32E9E35BF007061C0 = {
						CreatedOnToolsVersion = 16.2;
					};
					84AD10C52E9E35C1007061C0 = {
						CreatedOnToolsVersion = 16.2;
						TestTargetID = 84AD10B32E9E35BF007061C0;
					};
					84AD10CF2E9E35C1007061C0 = {
						CreatedOnToolsVersion = 16.2;
						TestTargetID = 84AD10B32E9E35BF007061C0;
					};
				};
			};
			buildConfigurationList = 84AD10AF2E9E35BF007061C0 /* Build configuration list for PBXProject "UIRebuild" */;
			developmentRegion = en;
			hasScannedForEncodings = 0;
			knownRegions = (
				en,
				Base,
			);
			mainGroup = 84AD10AB2E9E35BF007061C0;
			minimizedProjectReferenceProxies = 1;
			preferredProjectObjectVersion = 77;
			productRefGroup = 84AD10B52E9E35BF007061C0 /* Products */;
			projectDirPath = "";
			projectRoot = "";
			targets = (
				84AD10B32E9E35BF007061C0 /* UIRebuild */,
				84AD10C52E9E35C1007061C0 /* UIRebuildTests */,
				84AD10CF2E9E35C1007061C0 /* UIRebuildUITests */,
			);
		};
/* End PBXProject section */

/* Begin PBXResourcesBuildPhase section */
		84AD10B22E9E35BF007061C0 /* Resources */ = {
			isa = PBXResourcesBuildPhase;
			buildActionMask = 2147483647;
			files = (
			);
			runOnlyForDeploymentPostprocessing = 0;
		};
		84AD10C42E9E35C1007061C0 /* Resources */ = {
			isa = PBXResourcesBuildPhase;
			buildActionMask = 2147483647;
			files = (
			);
			runOnlyForDeploymentPostprocessing = 0;
		};
		84AD10CE2E9E35C1007061C0 /* Resources */ = {
			isa = PBXResourcesBuildPhase;
			buildActionMask = 2147483647;
			files = (
			);
			runOnlyForDeploymentPostprocessing = 0;
		};
/* End PBXResourcesBuildPhase section */

/* Begin PBXSourcesBuildPhase section */
		84AD10B02E9E35BF007061C0 /* Sources */ = {
			isa = PBXSourcesBuildPhase;
			buildActionMask = 2147483647;
			files = (
			);
			runOnlyForDeploymentPostprocessing = 0;
		};
		84AD10C22E9E35C1007061C0 /* Sources */ = {
			isa = PBXSourcesBuildPhase;
			buildActionMask = 2147483647;
			files = (
			);
			runOnlyForDeploymentPostprocessing = 0;
		};
		84AD10CC2E9E35C1007061C0 /* Sources */ = {
			isa = PBXSourcesBuildPhase;
			buildActionMask = 2147483647;
			files = (
			);
			runOnlyForDeploymentPostprocessing = 0;
		};
/* End PBXSourcesBuildPhase section */

/* Begin PBXTargetDependency section */
		84AD10C82E9E35C1007061C0 /* PBXTargetDependency */ = {
			isa = PBXTargetDependency;
			target = 84AD10B32E9E35BF007061C0 /* UIRebuild */;
			targetProxy = 84AD10C72E9E35C1007061C0 /* PBXContainerItemProxy */;
		};
		84AD10D22E9E35C1007061C0 /* PBXTargetDependency */ = {
			isa = PBXTargetDependency;
			target = 84AD10B32E9E35BF007061C0 /* UIRebuild */;
			targetProxy = 84AD10D12E9E35C1007061C0 /* PBXContainerItemProxy */;
		};
/* End PBXTargetDependency section */

/* Begin XCBuildConfiguration section */
		84AD10D82E9E35C1007061C0 /* Debug */ = {
			isa = XCBuildConfiguration;
			buildSettings = {
				ALWAYS_SEARCH_USER_PATHS = NO;
				ASSETCATALOG_COMPILER_GENERATE_SWIFT_ASSET_SYMBOL_EXTENSIONS = YES;
				CLANG_ANALYZER_NONNULL = YES;
				CLANG_ANALYZER_NUMBER_OBJECT_CONVERSION = YES_AGGRESSIVE;
				CLANG_CXX_LANGUAGE_STANDARD = "gnu++20";
				CLANG_ENABLE_MODULES = YES;
				CLANG_ENABLE_OBJC_ARC = YES;
				CLANG_ENABLE_OBJC_WEAK = YES;
				CLANG_WARN_BLOCK_CAPTURE_AUTORELEASING = YES;
				CLANG_WARN_BOOL_CONVERSION = YES;
				CLANG_WARN_COMMA = YES;
				CLANG_WARN_CONSTANT_CONVERSION = YES;
				CLANG_WARN_DEPRECATED_OBJC_IMPLEMENTATIONS = YES;
				CLANG_WARN_DIRECT_OBJC_ISA_USAGE = YES_ERROR;
				CLANG_WARN_DOCUMENTATION_COMMENTS = YES;
				CLANG_WARN_EMPTY_BODY = YES;
				CLANG_WARN_ENUM_CONVERSION = YES;
				CLANG_WARN_INFINITE_RECURSION = YES;
				CLANG_WARN_INT_CONVERSION = YES;
				CLANG_WARN_NON_LITERAL_NULL_CONVERSION = YES;
				CLANG_WARN_OBJC_IMPLICIT_RETAIN_SELF = YES;
				CLANG_WARN_OBJC_LITERAL_CONVERSION = YES;
				CLANG_WARN_OBJC_ROOT_CLASS = YES_ERROR;
				CLANG_WARN_QUOTED_INCLUDE_IN_FRAMEWORK_HEADER = YES;
				CLANG_WARN_RANGE_LOOP_ANALYSIS = YES;
				CLANG_WARN_STRICT_PROTOTYPES = YES;
				CLANG_WARN_SUSPICIOUS_MOVE = YES;
				CLANG_WARN_UNGUARDED_AVAILABILITY = YES_AGGRESSIVE;
				CLANG_WARN_UNREACHABLE_CODE = YES;
				CLANG_WARN__DUPLICATE_METHOD_MATCH = YES;
				COPY_PHASE_STRIP = NO;
				DEBUG_INFORMATION_FORMAT = dwarf;
				ENABLE_STRICT_OBJC_MSGSEND = YES;
				ENABLE_TESTABILITY = YES;
				ENABLE_USER_SCRIPT_SANDBOXING = YES;
				GCC_C_LANGUAGE_STANDARD = gnu17;
				GCC_DYNAMIC_NO_PIC = NO;
				GCC_NO_COMMON_BLOCKS = YES;
				GCC_OPTIMIZATION_LEVEL = 0;
				GCC_PREPROCESSOR_DEFINITIONS = (
					"DEBUG=1",
					"$(inherited)",
				);
				GCC_WARN_64_TO_32_BIT_CONVERSION = YES;
				GCC_WARN_ABOUT_RETURN_TYPE = YES_ERROR;
				GCC_WARN_UNDECLARED_SELECTOR = YES;
				GCC_WARN_UNINITIALIZED_AUTOS = YES_AGGRESSIVE;
				GCC_WARN_UNUSED_FUNCTION = YES;
				GCC_WARN_UNUSED_VARIABLE = YES;
				IPHONEOS_DEPLOYMENT_TARGET = 18.2;
				LOCALIZATION_PREFERS_STRING_CATALOGS = YES;
				MTL_ENABLE_DEBUG_INFO = INCLUDE_SOURCE;
				MTL_FAST_MATH = YES;
				ONLY_ACTIVE_ARCH = YES;
				SDKROOT = iphoneos;
				SWIFT_ACTIVE_COMPILATION_CONDITIONS = "DEBUG $(inherited)";
				SWIFT_OPTIMIZATION_LEVEL = "-Onone";
			};
			name = Debug;
		};
		84AD10D92E9E35C1007061C0 /* Release */ = {
			isa = XCBuildConfiguration;
			buildSettings = {
				ALWAYS_SEARCH_USER_PATHS = NO;
				ASSETCATALOG_COMPILER_GENERATE_SWIFT_ASSET_SYMBOL_EXTENSIONS = YES;
				CLANG_ANALYZER_NONNULL = YES;
				CLANG_ANALYZER_NUMBER_OBJECT_CONVERSION = YES_AGGRESSIVE;
				CLANG_CXX_LANGUAGE_STANDARD = "gnu++20";
				CLANG_ENABLE_MODULES = YES;
				CLANG_ENABLE_OBJC_ARC = YES;
				CLANG_ENABLE_OBJC_WEAK = YES;
				CLANG_WARN_BLOCK_CAPTURE_AUTORELEASING = YES;
				CLANG_WARN_BOOL_CONVERSION = YES;
				CLANG_WARN_COMMA = YES;
				CLANG_WARN_CONSTANT_CONVERSION = YES;
				CLANG_WARN_DEPRECATED_OBJC_IMPLEMENTATIONS = YES;
				CLANG_WARN_DIRECT_OBJC_ISA_USAGE = YES_ERROR;
				CLANG_WARN_DOCUMENTATION_COMMENTS = YES;
				CLANG_WARN_EMPTY_BODY = YES;
				CLANG_WARN_ENUM_CONVERSION = YES;
				CLANG_WARN_INFINITE_RECURSION = YES;
				CLANG_WARN_INT_CONVERSION = YES;
				CLANG_WARN_NON_LITERAL_NULL_CONVERSION = YES;
				CLANG_WARN_OBJC_IMPLICIT_RETAIN_SELF = YES;
				CLANG_WARN_OBJC_LITERAL_CONVERSION = YES;
				CLANG_WARN_OBJC_ROOT_CLASS = YES_ERROR;
				CLANG_WARN_QUOTED_INCLUDE_IN_FRAMEWORK_HEADER = YES;
				CLANG_WARN_RANGE_LOOP_ANALYSIS = YES;
				CLANG_WARN_STRICT_PROTOTYPES = YES;
				CLANG_WARN_SUSPICIOUS_MOVE = YES;
				CLANG_WARN_UNGUARDED_AVAILABILITY = YES_AGGRESSIVE;
				CLANG_WARN_UNREACHABLE_CODE = YES;
				CLANG_WARN__DUPLICATE_METHOD_MATCH = YES;
				COPY_PHASE_STRIP = NO;
				DEBUG_INFORMATION_FORMAT = "dwarf-with-dsym";
				ENABLE_NS_ASSERTIONS = NO;
				ENABLE_STRICT_OBJC_MSGSEND = YES;
				ENABLE_USER_SCRIPT_SANDBOXING = YES;
				GCC_C_LANGUAGE_STANDARD = gnu17;
				GCC_NO_COMMON_BLOCKS = YES;
				GCC_WARN_64_TO_32_BIT_CONVERSION = YES;
				GCC_WARN_ABOUT_RETURN_TYPE = YES_ERROR;
				GCC_WARN_UNDECLARED_SELECTOR = YES;
				GCC_WARN_UNINITIALIZED_AUTOS = YES_AGGRESSIVE;
				GCC_WARN_UNUSED_FUNCTION = YES;
				GCC_WARN_UNUSED_VARIABLE = YES;
				IPHONEOS_DEPLOYMENT_TARGET = 18.2;
				LOCALIZATION_PREFERS_STRING_CATALOGS = YES;
				MTL_ENABLE_DEBUG_INFO = NO;
				MTL_FAST_MATH = YES;
				SDKROOT = iphoneos;
				SWIFT_COMPILATION_MODE = wholemodule;
				VALIDATE_PRODUCT = YES;
			};
			name = Release;
		};
		84AD10DB2E9E35C1007061C0 /* Debug */ = {
			isa = XCBuildConfiguration;
			buildSettings = {
				ASSETCATALOG_COMPILER_APPICON_NAME = AppIcon;
				ASSETCATALOG_COMPILER_GLOBAL_ACCENT_COLOR_NAME = AccentColor;
				CODE_SIGN_STYLE = Automatic;
				CURRENT_PROJECT_VERSION = 1;
				DEVELOPMENT_ASSET_PATHS = "\"UIRebuild/Preview Content\"";
				ENABLE_PREVIEWS = YES;
				GENERATE_INFOPLIST_FILE = YES;
				INFOPLIST_KEY_UIApplicationSceneManifest_Generation = YES;
				INFOPLIST_KEY_UIApplicationSupportsIndirectInputEvents = YES;
				INFOPLIST_KEY_UILaunchScreen_Generation = YES;
				INFOPLIST_KEY_UISupportedInterfaceOrientations_iPad = "UIInterfaceOrientationPortrait UIInterfaceOrientationPortraitUpsideDown UIInterfaceOrientationLandscapeLeft UIInterfaceOrientationLandscapeRight";
				INFOPLIST_KEY_UISupportedInterfaceOrientations_iPhone = "UIInterfaceOrientationPortrait UIInterfaceOrientationLandscapeLeft UIInterfaceOrientationLandscapeRight";
				LD_RUNPATH_SEARCH_PATHS = (
					"$(inherited)",
					"@executable_path/Frameworks",
				);
				MARKETING_VERSION = 1.0;
				PRODUCT_BUNDLE_IDENTIFIER = be.ehb.UIRebuild;
				PRODUCT_NAME = "$(TARGET_NAME)";
				SWIFT_EMIT_LOC_STRINGS = YES;
				SWIFT_VERSION = 5.0;
				TARGETED_DEVICE_FAMILY = "1,2";
			};
			name = Debug;
		};
		84AD10DC2E9E35C1007061C0 /* Release */ = {
			isa = XCBuildConfiguration;
			buildSettings = {
				ASSETCATALOG_COMPILER_APPICON_NAME = AppIcon;
				ASSETCATALOG_COMPILER_GLOBAL_ACCENT_COLOR_NAME = AccentColor;
				CODE_SIGN_STYLE = Automatic;
				CURRENT_PROJECT_VERSION = 1;
				DEVELOPMENT_ASSET_PATHS = "\"UIRebuild/Preview Content\"";
				ENABLE_PREVIEWS = YES;
				GENERATE_INFOPLIST_FILE = YES;
				INFOPLIST_KEY_UIApplicationSceneManifest_Generation = YES;
				INFOPLIST_KEY_UIApplicationSupportsIndirectInputEvents = YES;
				INFOPLIST_KEY_UILaunchScreen_Generation = YES;
				INFOPLIST_KEY_UISupportedInterfaceOrientations_iPad = "UIInterfaceOrientationPortrait UIInterfaceOrientationPortraitUpsideDown UIInterfaceOrientationLandscapeLeft UIInterfaceOrientationLandscapeRight";
				INFOPLIST_KEY_UISupportedInterfaceOrientations_iPhone = "UIInterfaceOrientationPortrait UIInterfaceOrientationLandscapeLeft UIInterfaceOrientationLandscapeRight";
				LD_RUNPATH_SEARCH_PATHS = (
					"$(inherited)",
					"@executable_path/Frameworks",
				);
				MARKETING_VERSION = 1.0;
				PRODUCT_BUNDLE_IDENTIFIER = be.ehb.UIRebuild;
				PRODUCT_NAME = "$(TARGET_NAME)";
				SWIFT_EMIT_LOC_STRINGS = YES;
				SWIFT_VERSION = 5.0;
				TARGETED_DEVICE_FAMILY = "1,2";
			};
			name = Release;
		};
		84AD10DE2E9E35C1007061C0 /* Debug */ = {
			isa = XCBuildConfiguration;
			buildSettings = {
				BUNDLE_LOADER = "$(TEST_HOST)";
				CODE_SIGN_STYLE = Automatic;
				CURRENT_PROJECT_VERSION = 1;
				GENERATE_INFOPLIST_FILE = YES;
				IPHONEOS_DEPLOYMENT_TARGET = 18.2;
				MARKETING_VERSION = 1.0;
				PRODUCT_BUNDLE_IDENTIFIER = be.ehb.UIRebuildTests;
				PRODUCT_NAME = "$(TARGET_NAME)";
				SWIFT_EMIT_LOC_STRINGS = NO;
				SWIFT_VERSION = 5.0;
				TARGETED_DEVICE_FAMILY = "1,2";
				TEST_HOST = "$(BUILT_PRODUCTS_DIR)/UIRebuild.app/$(BUNDLE_EXECUTABLE_FOLDER_PATH)/UIRebuild";
			};
			name = Debug;
		};
		84AD10DF2E9E35C1007061C0 /* Release */ = {
			isa = XCBuildConfiguration;
			buildSettings = {
				BUNDLE_LOADER = "$(TEST_HOST)";
				CODE_SIGN_STYLE = Automatic;
				CURRENT_PROJECT_VERSION = 1;
				GENERATE_INFOPLIST_FILE = YES;
				IPHONEOS_DEPLOYMENT_TARGET = 18.2;
				MARKETING_VERSION = 1.0;
				PRODUCT_BUNDLE_IDENTIFIER = be.ehb.UIRebuildTests;
				PRODUCT_NAME = "$(TARGET_NAME)";
				SWIFT_EMIT_LOC_STRINGS = NO;
				SWIFT_VERSION = 5.0;
				TARGETED_DEVICE_FAMILY = "1,2";
				TEST_HOST = "$(BUILT_PRODUCTS_DIR)/UIRebuild.app/$(BUNDLE_EXECUTABLE_FOLDER_PATH)/UIRebuild";
			};
			name = Release;
		};
		84AD10E12E9E35C1007061C0 /* Debug */ = {
			isa = XCBuildConfiguration;
			buildSettings = {
				CODE_SIGN_STYLE = Automatic;
				CURRENT_PROJECT_VERSION = 1;
				GENERATE_INFOPLIST_FILE = YES;
				MARKETING_VERSION = 1.0;
				PRODUCT_BUNDLE_IDENTIFIER = be.ehb.UIRebuildUITests;
				PRODUCT_NAME = "$(TARGET_NAME)";
				SWIFT_EMIT_LOC_STRINGS = NO;
				SWIFT_VERSION = 5.0;
				TARGETED_DEVICE_FAMILY = "1,2";
				TEST_TARGET_NAME = UIRebuild;
			};
			name = Debug;
		};
		84AD10E22E9E35C1007061C0 /* Release */ = {
			isa = XCBuildConfiguration;
			buildSettings = {
				CODE_SIGN_STYLE = Automatic;
				CURRENT_PROJECT_VERSION = 1;
				GENERATE_INFOPLIST_FILE = YES;
				MARKETING_VERSION = 1.0;
				PRODUCT_BUNDLE_IDENTIFIER = be.ehb.UIRebuildUITests;
				PRODUCT_NAME = "$(TARGET_NAME)";
				SWIFT_EMIT_LOC_STRINGS = NO;
				SWIFT_VERSION = 5.0;
				TARGETED_DEVICE_FAMILY = "1,2";
				TEST_TARGET_NAME = UIRebuild;
			};
			name = Release;
		};
/* End XCBuildConfiguration section */

/* Begin XCConfigurationList section */
		84AD10AF2E9E35BF007061C0 /* Build configuration list for PBXProject "UIRebuild" */ = {
			isa = XCConfigurationList;
			buildConfigurations = (
				84AD10D82E9E35C1007061C0 /* Debug */,
				84AD10D92E9E35C1007061C0 /* Release */,
			);
			defaultConfigurationIsVisible = 0;
			defaultConfigurationName = Release;
		};
		84AD10DA2E9E35C1007061C0 /* Build configuration list for PBXNativeTarget "UIRebuild" */ = {
			isa = XCConfigurationList;
			buildConfigurations = (
				84AD10DB2E9E35C1007061C0 /* Debug */,
				84AD10DC2E9E35C1007061C0 /* Release */,
			);
			defaultConfigurationIsVisible = 0;
			defaultConfigurationName = Release;
		};
		84AD10DD2E9E35C1007061C0 /* Build configuration list for PBXNativeTarget "UIRebuildTests" */ = {
			isa = XCConfigurationList;
			buildConfigurations = (
				84AD10DE2E9E35C1007061C0 /* Debug */,
				84AD10DF2E9E35C1007061C0 /* Release */,
			);
			defaultConfigurationIsVisible = 0;
			defaultConfigurationName = Release;
		};
		84AD10E02E9E35C1007061C0 /* Build configuration list for PBXNativeTarget "UIRebuildUITests" */ = {
			isa = XCConfigurationList;
			buildConfigurations = (
				84AD10E12E9E35C1007061C0 /* Debug */,
				84AD10E22E9E35C1007061C0 /* Release */,
			);
			defaultConfigurationIsVisible = 0;
			defaultConfigurationName = Release;
		};
/* End XCConfigurationList section */
	};
	rootObject = 84AD10AC2E9E35BF007061C0 /* Project object */;
}
